// !$*UTF8*$!
{
	archiveVersion = 1;
	classes = {
	};
	objectVersion = 50;
	objects = {

/* Begin PBXBuildFile section */
		05CC1E2722F0C82E008CCD98 /* AppDelegate.swift in Sources */ = {isa = PBXBuildFile; fileRef = 05CC1E2622F0C82E008CCD98 /* AppDelegate.swift */; };
		05CC1E2922F0C82E008CCD98 /* ViewController.swift in Sources */ = {isa = PBXBuildFile; fileRef = 05CC1E2822F0C82E008CCD98 /* ViewController.swift */; };
		05CC1E2C22F0C82E008CCD98 /* Main.storyboard in Resources */ = {isa = PBXBuildFile; fileRef = 05CC1E2A22F0C82E008CCD98 /* Main.storyboard */; };
		05CC1E2E22F0C82F008CCD98 /* Assets.xcassets in Resources */ = {isa = PBXBuildFile; fileRef = 05CC1E2D22F0C82F008CCD98 /* Assets.xcassets */; };
		05CC1E3122F0C82F008CCD98 /* LaunchScreen.storyboard in Resources */ = {isa = PBXBuildFile; fileRef = 05CC1E2F22F0C82F008CCD98 /* LaunchScreen.storyboard */; };
		05CC1E3C22F0C82F008CCD98 /* CentTests.swift in Sources */ = {isa = PBXBuildFile; fileRef = 05CC1E3B22F0C82F008CCD98 /* CentTests.swift */; };
/* End PBXBuildFile section */

/* Begin PBXContainerItemProxy section */
		05CC1E3822F0C82F008CCD98 /* PBXContainerItemProxy */ = {
			isa = PBXContainerItemProxy;
			containerPortal = 05CC1E1B22F0C82E008CCD98 /* Project object */;
			proxyType = 1;
			remoteGlobalIDString = 05CC1E2222F0C82E008CCD98;
			remoteInfo = Cent;
		};
/* End PBXContainerItemProxy section */

/* Begin PBXFileReference section */
		05CC1E2322F0C82E008CCD98 /* Cent.app */ = {isa = PBXFileReference; explicitFileType = wrapper.application; includeInIndex = 0; path = Cent.app; sourceTree = BUILT_PRODUCTS_DIR; };
		05CC1E2622F0C82E008CCD98 /* AppDelegate.swift */ = {isa = PBXFileReference; lastKnownFileType = sourcecode.swift; path = AppDelegate.swift; sourceTree = "<group>"; };
		05CC1E2822F0C82E008CCD98 /* ViewController.swift */ = {isa = PBXFileReference; lastKnownFileType = sourcecode.swift; path = ViewController.swift; sourceTree = "<group>"; };
		05CC1E2B22F0C82E008CCD98 /* Base */ = {isa = PBXFileReference; lastKnownFileType = file.storyboard; name = Base; path = Base.lproj/Main.storyboard; sourceTree = "<group>"; };
		05CC1E2D22F0C82F008CCD98 /* Assets.xcassets */ = {isa = PBXFileReference; lastKnownFileType = folder.assetcatalog; path = Assets.xcassets; sourceTree = "<group>"; };
		05CC1E3022F0C82F008CCD98 /* Base */ = {isa = PBXFileReference; lastKnownFileType = file.storyboard; name = Base; path = Base.lproj/LaunchScreen.storyboard; sourceTree = "<group>"; };
		05CC1E3222F0C82F008CCD98 /* Info.plist */ = {isa = PBXFileReference; lastKnownFileType = text.plist.xml; path = Info.plist; sourceTree = "<group>"; };
		05CC1E3722F0C82F008CCD98 /* CentTests.xctest */ = {isa = PBXFileReference; explicitFileType = wrapper.cfbundle; includeInIndex = 0; path = CentTests.xctest; sourceTree = BUILT_PRODUCTS_DIR; };
		05CC1E3B22F0C82F008CCD98 /* CentTests.swift */ = {isa = PBXFileReference; lastKnownFileType = sourcecode.swift; path = CentTests.swift; sourceTree = "<group>"; };
		05CC1E3D22F0C82F008CCD98 /* Info.plist */ = {isa = PBXFileReference; lastKnownFileType = text.plist.xml; path = Info.plist; sourceTree = "<group>"; };
/* End PBXFileReference section */

/* Begin PBXFrameworksBuildPhase section */
		05CC1E2022F0C82E008CCD98 /* Frameworks */ = {
			isa = PBXFrameworksBuildPhase;
			buildActionMask = 2147483647;
			files = (
			);
			runOnlyForDeploymentPostprocessing = 0;
		};
		05CC1E3422F0C82F008CCD98 /* Frameworks */ = {
			isa = PBXFrameworksBuildPhase;
			buildActionMask = 2147483647;
			files = (
			);
			runOnlyForDeploymentPostprocessing = 0;
		};
/* End PBXFrameworksBuildPhase section */

/* Begin PBXGroup section */
		05CC1E1A22F0C82E008CCD98 = {
			isa = PBXGroup;
			children = (
				05CC1E2522F0C82E008CCD98 /* Cent */,
				05CC1E3A22F0C82F008CCD98 /* CentTests */,
				05CC1E2422F0C82E008CCD98 /* Products */,
			);
			sourceTree = "<group>";
		};
		05CC1E2422F0C82E008CCD98 /* Products */ = {
			isa = PBXGroup;
			children = (
				05CC1E2322F0C82E008CCD98 /* Cent.app */,
				05CC1E3722F0C82F008CCD98 /* CentTests.xctest */,
			);
			name = Products;
			sourceTree = "<group>";
		};
		05CC1E2522F0C82E008CCD98 /* Cent */ = {
			isa = PBXGroup;
			children = (
				05CC1E2622F0C82E008CCD98 /* AppDelegate.swift */,
				05CC1E2822F0C82E008CCD98 /* ViewController.swift */,
				05CC1E2A22F0C82E008CCD98 /* Main.storyboard */,
				05CC1E2D22F0C82F008CCD98 /* Assets.xcassets */,
				05CC1E2F22F0C82F008CCD98 /* LaunchScreen.storyboard */,
				05CC1E3222F0C82F008CCD98 /* Info.plist */,
			);
			path = Cent;
			sourceTree = "<group>";
		};
		05CC1E3A22F0C82F008CCD98 /* CentTests */ = {
			isa = PBXGroup;
			children = (
				05CC1E3B22F0C82F008CCD98 /* CentTests.swift */,
				05CC1E3D22F0C82F008CCD98 /* Info.plist */,
			);
			path = CentTests;
			sourceTree = "<group>";
		};
/* End PBXGroup section */

/* Begin PBXNativeTarget section */
		05CC1E2222F0C82E008CCD98 /* Cent */ = {
			isa = PBXNativeTarget;
			buildConfigurationList = 05CC1E4022F0C82F008CCD98 /* Build configuration list for PBXNativeTarget "Cent" */;
			buildPhases = (
				05CC1E1F22F0C82E008CCD98 /* Sources */,
				05CC1E2022F0C82E008CCD98 /* Frameworks */,
				05CC1E2122F0C82E008CCD98 /* Resources */,
			);
			buildRules = (
			);
			dependencies = (
			);
			name = Cent;
			productName = Cent;
			productReference = 05CC1E2322F0C82E008CCD98 /* Cent.app */;
			productType = "com.apple.product-type.application";
		};
		05CC1E3622F0C82F008CCD98 /* CentTests */ = {
			isa = PBXNativeTarget;
			buildConfigurationList = 05CC1E4322F0C82F008CCD98 /* Build configuration list for PBXNativeTarget "CentTests" */;
			buildPhases = (
				05CC1E3322F0C82F008CCD98 /* Sources */,
				05CC1E3422F0C82F008CCD98 /* Frameworks */,
				05CC1E3522F0C82F008CCD98 /* Resources */,
			);
			buildRules = (
			);
			dependencies = (
				05CC1E3922F0C82F008CCD98 /* PBXTargetDependency */,
			);
			name = CentTests;
			productName = CentTests;
			productReference = 05CC1E3722F0C82F008CCD98 /* CentTests.xctest */;
			productType = "com.apple.product-type.bundle.unit-test";
		};
/* End PBXNativeTarget section */

/* Begin PBXProject section */
		05CC1E1B22F0C82E008CCD98 /* Project object */ = {
			isa = PBXProject;
			attributes = {
				LastSwiftUpdateCheck = 1020;
				LastUpgradeCheck = 1020;
				ORGANIZATIONNAME = "Eyup Kazım Göymen";
				TargetAttributes = {
					05CC1E2222F0C82E008CCD98 = {
						CreatedOnToolsVersion = 10.2.1;
					};
					05CC1E3622F0C82F008CCD98 = {
						CreatedOnToolsVersion = 10.2.1;
						TestTargetID = 05CC1E2222F0C82E008CCD98;
					};
				};
			};
			buildConfigurationList = 05CC1E1E22F0C82E008CCD98 /* Build configuration list for PBXProject "Cent" */;
			compatibilityVersion = "Xcode 9.3";
			developmentRegion = en;
			hasScannedForEncodings = 0;
			knownRegions = (
				en,
				Base,
			);
			mainGroup = 05CC1E1A22F0C82E008CCD98;
			productRefGroup = 05CC1E2422F0C82E008CCD98 /* Products */;
			projectDirPath = "";
			projectRoot = "";
			targets = (
				05CC1E2222F0C82E008CCD98 /* Cent */,
				05CC1E3622F0C82F008CCD98 /* CentTests */,
			);
		};
/* End PBXProject section */

/* Begin PBXResourcesBuildPhase section */
		05CC1E2122F0C82E008CCD98 /* Resources */ = {
			isa = PBXResourcesBuildPhase;
			buildActionMask = 2147483647;
			files = (
				05CC1E3122F0C82F008CCD98 /* LaunchScreen.storyboard in Resources */,
				05CC1E2E22F0C82F008CCD98 /* Assets.xcassets in Resources */,
				05CC1E2C22F0C82E008CCD98 /* Main.storyboard in Resources */,
			);
			runOnlyForDeploymentPostprocessing = 0;
		};
		05CC1E3522F0C82F008CCD98 /* Resources */ = {
			isa = PBXResourcesBuildPhase;
			buildActionMask = 2147483647;
			files = (
			);
			runOnlyForDeploymentPostprocessing = 0;
		};
/* End PBXResourcesBuildPhase section */

/* Begin PBXSourcesBuildPhase section */
		05CC1E1F22F0C82E008CCD98 /* Sources */ = {
			isa = PBXSourcesBuildPhase;
			buildActionMask = 2147483647;
			files = (
				05CC1E2922F0C82E008CCD98 /* ViewController.swift in Sources */,
				05CC1E2722F0C82E008CCD98 /* AppDelegate.swift in Sources */,
			);
			runOnlyForDeploymentPostprocessing = 0;
		};
		05CC1E3322F0C82F008CCD98 /* Sources */ = {
			isa = PBXSourcesBuildPhase;
			buildActionMask = 2147483647;
			files = (
				05CC1E3C22F0C82F008CCD98 /* CentTests.swift in Sources */,
			);
			runOnlyForDeploymentPostprocessing = 0;
		};
/* End PBXSourcesBuildPhase section */

/* Begin PBXTargetDependency section */
		05CC1E3922F0C82F008CCD98 /* PBXTargetDependency */ = {
			isa = PBXTargetDependency;
			target = 05CC1E2222F0C82E008CCD98 /* Cent */;
			targetProxy = 05CC1E3822F0C82F008CCD98 /* PBXContainerItemProxy */;
		};
/* End PBXTargetDependency section */

/* Begin PBXVariantGroup section */
		05CC1E2A22F0C82E008CCD98 /* Main.storyboard */ = {
			isa = PBXVariantGroup;
			children = (
				05CC1E2B22F0C82E008CCD98 /* Base */,
			);
			name = Main.storyboard;
			sourceTree = "<group>";
		};
		05CC1E2F22F0C82F008CCD98 /* LaunchScreen.storyboard */ = {
			isa = PBXVariantGroup;
			children = (
				05CC1E3022F0C82F008CCD98 /* Base */,
			);
			name = LaunchScreen.storyboard;
			sourceTree = "<group>";
		};
/* End PBXVariantGroup section */

/* Begin XCBuildConfiguration section */
		05CC1E3E22F0C82F008CCD98 /* Debug */ = {
			isa = XCBuildConfiguration;
			buildSettings = {
				ALWAYS_SEARCH_USER_PATHS = NO;
				CLANG_ANALYZER_NONNULL = YES;
				CLANG_ANALYZER_NUMBER_OBJECT_CONVERSION = YES_AGGRESSIVE;
				CLANG_CXX_LANGUAGE_STANDARD = "gnu++14";
				CLANG_CXX_LIBRARY = "libc++";
				CLANG_ENABLE_MODULES = YES;
				CLANG_ENABLE_OBJC_ARC = YES;
				CLANG_ENABLE_OBJC_WEAK = YES;
				CLANG_WARN_BLOCK_CAPTURE_AUTORELEASING = YES;
				CLANG_WARN_BOOL_CONVERSION = YES;
				CLANG_WARN_COMMA = YES;
				CLANG_WARN_CONSTANT_CONVERSION = YES;
				CLANG_WARN_DEPRECATED_OBJC_IMPLEMENTATIONS = YES;
				CLANG_WARN_DIRECT_OBJC_ISA_USAGE = YES_ERROR;
				CLANG_WARN_DOCUMENTATION_COMMENTS = YES;
				CLANG_WARN_EMPTY_BODY = YES;
				CLANG_WARN_ENUM_CONVERSION = YES;
				CLANG_WARN_INFINITE_RECURSION = YES;
				CLANG_WARN_INT_CONVERSION = YES;
				CLANG_WARN_NON_LITERAL_NULL_CONVERSION = YES;
				CLANG_WARN_OBJC_IMPLICIT_RETAIN_SELF = YES;
				CLANG_WARN_OBJC_LITERAL_CONVERSION = YES;
				CLANG_WARN_OBJC_ROOT_CLASS = YES_ERROR;
				CLANG_WARN_RANGE_LOOP_ANALYSIS = YES;
				CLANG_WARN_STRICT_PROTOTYPES = YES;
				CLANG_WARN_SUSPICIOUS_MOVE = YES;
				CLANG_WARN_UNGUARDED_AVAILABILITY = YES_AGGRESSIVE;
				CLANG_WARN_UNREACHABLE_CODE = YES;
				CLANG_WARN__DUPLICATE_METHOD_MATCH = YES;
				CODE_SIGN_IDENTITY = "iPhone Developer";
				COPY_PHASE_STRIP = NO;
				DEBUG_INFORMATION_FORMAT = dwarf;
				ENABLE_STRICT_OBJC_MSGSEND = YES;
				ENABLE_TESTABILITY = YES;
				GCC_C_LANGUAGE_STANDARD = gnu11;
				GCC_DYNAMIC_NO_PIC = NO;
				GCC_NO_COMMON_BLOCKS = YES;
				GCC_OPTIMIZATION_LEVEL = 0;
				GCC_PREPROCESSOR_DEFINITIONS = (
					"DEBUG=1",
					"$(inherited)",
				);
				GCC_WARN_64_TO_32_BIT_CONVERSION = YES;
				GCC_WARN_ABOUT_RETURN_TYPE = YES_ERROR;
				GCC_WARN_UNDECLARED_SELECTOR = YES;
				GCC_WARN_UNINITIALIZED_AUTOS = YES_AGGRESSIVE;
				GCC_WARN_UNUSED_FUNCTION = YES;
				GCC_WARN_UNUSED_VARIABLE = YES;
				IPHONEOS_DEPLOYMENT_TARGET = 12.2;
				MTL_ENABLE_DEBUG_INFO = INCLUDE_SOURCE;
				MTL_FAST_MATH = YES;
				ONLY_ACTIVE_ARCH = YES;
				SDKROOT = iphoneos;
				SWIFT_ACTIVE_COMPILATION_CONDITIONS = DEBUG;
				SWIFT_OPTIMIZATION_LEVEL = "-Onone";
			};
			name = Debug;
		};
		05CC1E3F22F0C82F008CCD98 /* Release */ = {
			isa = XCBuildConfiguration;
			buildSettings = {
				ALWAYS_SEARCH_USER_PATHS = NO;
				CLANG_ANALYZER_NONNULL = YES;
				CLANG_ANALYZER_NUMBER_OBJECT_CONVERSION = YES_AGGRESSIVE;
				CLANG_CXX_LANGUAGE_STANDARD = "gnu++14";
				CLANG_CXX_LIBRARY = "libc++";
				CLANG_ENABLE_MODULES = YES;
				CLANG_ENABLE_OBJC_ARC = YES;
				CLANG_ENABLE_OBJC_WEAK = YES;
				CLANG_WARN_BLOCK_CAPTURE_AUTORELEASING = YES;
				CLANG_WARN_BOOL_CONVERSION = YES;
				CLANG_WARN_COMMA = YES;
				CLANG_WARN_CONSTANT_CONVERSION = YES;
				CLANG_WARN_DEPRECATED_OBJC_IMPLEMENTATIONS = YES;
				CLANG_WARN_DIRECT_OBJC_ISA_USAGE = YES_ERROR;
				CLANG_WARN_DOCUMENTATION_COMMENTS = YES;
				CLANG_WARN_EMPTY_BODY = YES;
				CLANG_WARN_ENUM_CONVERSION = YES;
				CLANG_WARN_INFINITE_RECURSION = YES;
				CLANG_WARN_INT_CONVERSION = YES;
				CLANG_WARN_NON_LITERAL_NULL_CONVERSION = YES;
				CLANG_WARN_OBJC_IMPLICIT_RETAIN_SELF = YES;
				CLANG_WARN_OBJC_LITERAL_CONVERSION = YES;
				CLANG_WARN_OBJC_ROOT_CLASS = YES_ERROR;
				CLANG_WARN_RANGE_LOOP_ANALYSIS = YES;
				CLANG_WARN_STRICT_PROTOTYPES = YES;
				CLANG_WARN_SUSPICIOUS_MOVE = YES;
				CLANG_WARN_UNGUARDED_AVAILABILITY = YES_AGGRESSIVE;
				CLANG_WARN_UNREACHABLE_CODE = YES;
				CLANG_WARN__DUPLICATE_METHOD_MATCH = YES;
				CODE_SIGN_IDENTITY = "iPhone Developer";
				COPY_PHASE_STRIP = NO;
				DEBUG_INFORMATION_FORMAT = "dwarf-with-dsym";
				ENABLE_NS_ASSERTIONS = NO;
				ENABLE_STRICT_OBJC_MSGSEND = YES;
				GCC_C_LANGUAGE_STANDARD = gnu11;
				GCC_NO_COMMON_BLOCKS = YES;
				GCC_WARN_64_TO_32_BIT_CONVERSION = YES;
				GCC_WARN_ABOUT_RETURN_TYPE = YES_ERROR;
				GCC_WARN_UNDECLARED_SELECTOR = YES;
				GCC_WARN_UNINITIALIZED_AUTOS = YES_AGGRESSIVE;
				GCC_WARN_UNUSED_FUNCTION = YES;
				GCC_WARN_UNUSED_VARIABLE = YES;
				IPHONEOS_DEPLOYMENT_TARGET = 12.2;
				MTL_ENABLE_DEBUG_INFO = NO;
				MTL_FAST_MATH = YES;
				SDKROOT = iphoneos;
				SWIFT_COMPILATION_MODE = wholemodule;
				SWIFT_OPTIMIZATION_LEVEL = "-O";
				VALIDATE_PRODUCT = YES;
			};
			name = Release;
		};
		05CC1E4122F0C82F008CCD98 /* Debug */ = {
			isa = XCBuildConfiguration;
			buildSettings = {
				ASSETCATALOG_COMPILER_APPICON_NAME = AppIcon;
				CODE_SIGN_STYLE = Automatic;
				DEVELOPMENT_TEAM = M58P3AW9PQ;
				INFOPLIST_FILE = Cent/Info.plist;
				LD_RUNPATH_SEARCH_PATHS = (
					"$(inherited)",
					"@executable_path/Frameworks",
				);
				PRODUCT_BUNDLE_IDENTIFIER = com.eyupgoymen.Cent;
				PRODUCT_NAME = "$(TARGET_NAME)";
				SWIFT_VERSION = 5.0;
				TARGETED_DEVICE_FAMILY = "1,2";
			};
			name = Debug;
		};
		05CC1E4222F0C82F008CCD98 /* Release */ = {
			isa = XCBuildConfiguration;
			buildSettings = {
				ASSETCATALOG_COMPILER_APPICON_NAME = AppIcon;
				CODE_SIGN_STYLE = Automatic;
				DEVELOPMENT_TEAM = M58P3AW9PQ;
				INFOPLIST_FILE = Cent/Info.plist;
				LD_RUNPATH_SEARCH_PATHS = (
					"$(inherited)",
					"@executable_path/Frameworks",
				);
				PRODUCT_BUNDLE_IDENTIFIER = com.eyupgoymen.Cent;
				PRODUCT_NAME = "$(TARGET_NAME)";
				SWIFT_VERSION = 5.0;
				TARGETED_DEVICE_FAMILY = "1,2";
			};
			name = Release;
		};
		05CC1E4422F0C82F008CCD98 /* Debug */ = {
			isa = XCBuildConfiguration;
			buildSettings = {
				ALWAYS_EMBED_SWIFT_STANDARD_LIBRARIES = YES;
				BUNDLE_LOADER = "$(TEST_HOST)";
				CODE_SIGN_STYLE = Automatic;
				DEVELOPMENT_TEAM = M58P3AW9PQ;
				INFOPLIST_FILE = CentTests/Info.plist;
				LD_RUNPATH_SEARCH_PATHS = (
					"$(inherited)",
					"@executable_path/Frameworks",
					"@loader_path/Frameworks",
				);
				PRODUCT_BUNDLE_IDENTIFIER = com.eyupgoymen.CentTests;
				PRODUCT_NAME = "$(TARGET_NAME)";
				SWIFT_VERSION = 5.0;
				TARGETED_DEVICE_FAMILY = "1,2";
				TEST_HOST = "$(BUILT_PRODUCTS_DIR)/Cent.app/Cent";
			};
			name = Debug;
		};
		05CC1E4522F0C82F008CCD98 /* Release */ = {
			isa = XCBuildConfiguration;
			buildSettings = {
				ALWAYS_EMBED_SWIFT_STANDARD_LIBRARIES = YES;
				BUNDLE_LOADER = "$(TEST_HOST)";
				CODE_SIGN_STYLE = Automatic;
				DEVELOPMENT_TEAM = M58P3AW9PQ;
				INFOPLIST_FILE = CentTests/Info.plist;
				LD_RUNPATH_SEARCH_PATHS = (
					"$(inherited)",
					"@executable_path/Frameworks",
					"@loader_path/Frameworks",
				);
				PRODUCT_BUNDLE_IDENTIFIER = com.eyupgoymen.CentTests;
				PRODUCT_NAME = "$(TARGET_NAME)";
				SWIFT_VERSION = 5.0;
				TARGETED_DEVICE_FAMILY = "1,2";
				TEST_HOST = "$(BUILT_PRODUCTS_DIR)/Cent.app/Cent";
			};
			name = Release;
		};
/* End XCBuildConfiguration section */

/* Begin XCConfigurationList section */
		05CC1E1E22F0C82E008CCD98 /* Build configuration list for PBXProject "Cent" */ = {
			isa = XCConfigurationList;
			buildConfigurations = (
				05CC1E3E22F0C82F008CCD98 /* Debug */,
				05CC1E3F22F0C82F008CCD98 /* Release */,
			);
			defaultConfigurationIsVisible = 0;
			defaultConfigurationName = Release;
		};
		05CC1E4022F0C82F008CCD98 /* Build configuration list for PBXNativeTarget "Cent" */ = {
			isa = XCConfigurationList;
			buildConfigurations = (
				05CC1E4122F0C82F008CCD98 /* Debug */,
				05CC1E4222F0C82F008CCD98 /* Release */,
			);
			defaultConfigurationIsVisible = 0;
			defaultConfigurationName = Release;
		};
		05CC1E4322F0C82F008CCD98 /* Build configuration list for PBXNativeTarget "CentTests" */ = {
			isa = XCConfigurationList;
			buildConfigurations = (
				05CC1E4422F0C82F008CCD98 /* Debug */,
				05CC1E4522F0C82F008CCD98 /* Release */,
			);
			defaultConfigurationIsVisible = 0;
			defaultConfigurationName = Release;
		};
/* End XCConfigurationList section */
	};
	rootObject = 05CC1E1B22F0C82E008CCD98 /* Project object */;
}
