// !$*UTF8*$!
{
	archiveVersion = 1;
	classes = {
	};
	objectVersion = 50;
	objects = {

/* Begin PBXBuildFile section */
		05CC1E2722F0C82E008CCD98 /* AppDelegate.swift in Sources */ = {isa = PBXBuildFile; fileRef = 05CC1E2622F0C82E008CCD98 /* AppDelegate.swift */; };
		05CC1E2E22F0C82F008CCD98 /* Assets.xcassets in Resources */ = {isa = PBXBuildFile; fileRef = 05CC1E2D22F0C82F008CCD98 /* Assets.xcassets */; };
		05CC1E3122F0C82F008CCD98 /* LaunchScreen.storyboard in Resources */ = {isa = PBXBuildFile; fileRef = 05CC1E2F22F0C82F008CCD98 /* LaunchScreen.storyboard */; };
		05CC1E3C22F0C82F008CCD98 /* CentTests.swift in Sources */ = {isa = PBXBuildFile; fileRef = 05CC1E3B22F0C82F008CCD98 /* CentTests.swift */; };
		05CC1E4A22F0C9C6008CCD98 /* CentAPI.swift in Sources */ = {isa = PBXBuildFile; fileRef = 05CC1E4922F0C9C6008CCD98 /* CentAPI.swift */; };
		05CC1E4D22F0CB21008CCD98 /* Optional+Ext.swift in Sources */ = {isa = PBXBuildFile; fileRef = 05CC1E4C22F0CB21008CCD98 /* Optional+Ext.swift */; };
		05CC1E4F22F0CBE0008CCD98 /* Array+Ext.swift in Sources */ = {isa = PBXBuildFile; fileRef = 05CC1E4E22F0CBE0008CCD98 /* Array+Ext.swift */; };
		05CC1E5122F0D4F9008CCD98 /* ViewController+Ext.swift in Sources */ = {isa = PBXBuildFile; fileRef = 05CC1E5022F0D4F9008CCD98 /* ViewController+Ext.swift */; };
		05CC1E5422F0D6B6008CCD98 /* CurrencyInfo.swift in Sources */ = {isa = PBXBuildFile; fileRef = 05CC1E5322F0D6B6008CCD98 /* CurrencyInfo.swift */; };
		05CC1E5622F0D900008CCD98 /* CurrencyService.swift in Sources */ = {isa = PBXBuildFile; fileRef = 05CC1E5522F0D900008CCD98 /* CurrencyService.swift */; };
		05CC1E5822F0D90D008CCD98 /* Error.swift in Sources */ = {isa = PBXBuildFile; fileRef = 05CC1E5722F0D90D008CCD98 /* Error.swift */; };
		05CC1E5C22F0D97F008CCD98 /* CurrencyInfo.json in Resources */ = {isa = PBXBuildFile; fileRef = 05CC1E5B22F0D97F008CCD98 /* CurrencyInfo.json */; };
		05CC1E5D22F0D988008CCD98 /* CurrencyInfo.json in Resources */ = {isa = PBXBuildFile; fileRef = 05CC1E5B22F0D97F008CCD98 /* CurrencyInfo.json */; };
		05CC1E5F22F0D9A3008CCD98 /* ServiceTest.swift in Sources */ = {isa = PBXBuildFile; fileRef = 05CC1E5E22F0D9A3008CCD98 /* ServiceTest.swift */; };
		05CC1E6A22F0DBD3008CCD98 /* CurrencyList.storyboard in Resources */ = {isa = PBXBuildFile; fileRef = 05CC1E6422F0DBD3008CCD98 /* CurrencyList.storyboard */; };
		05CC1E6B22F0DBD3008CCD98 /* CurrencyListContract.swift in Sources */ = {isa = PBXBuildFile; fileRef = 05CC1E6522F0DBD3008CCD98 /* CurrencyListContract.swift */; };
		05CC1E6C22F0DBD3008CCD98 /* CurrencyListLayout.swift in Sources */ = {isa = PBXBuildFile; fileRef = 05CC1E6622F0DBD3008CCD98 /* CurrencyListLayout.swift */; };
		05CC1E6D22F0DBD3008CCD98 /* CurrencyListViewController.swift in Sources */ = {isa = PBXBuildFile; fileRef = 05CC1E6722F0DBD3008CCD98 /* CurrencyListViewController.swift */; };
		05CC1E6E22F0DBD3008CCD98 /* CurrencyListBuilder.swift in Sources */ = {isa = PBXBuildFile; fileRef = 05CC1E6822F0DBD3008CCD98 /* CurrencyListBuilder.swift */; };
		05CC1E6F22F0DBD3008CCD98 /* CurrencyListViewModel.swift in Sources */ = {isa = PBXBuildFile; fileRef = 05CC1E6922F0DBD3008CCD98 /* CurrencyListViewModel.swift */; };
		05CC1E7122F0DD81008CCD98 /* RangedCurrency.swift in Sources */ = {isa = PBXBuildFile; fileRef = 05CC1E7022F0DD81008CCD98 /* RangedCurrency.swift */; };
		05CC1E7322F0DE8F008CCD98 /* LatestCurrency.json in Resources */ = {isa = PBXBuildFile; fileRef = 05CC1E7222F0DE8F008CCD98 /* LatestCurrency.json */; };
		05CC1E7422F0DEC9008CCD98 /* LatestCurrency.json in Resources */ = {isa = PBXBuildFile; fileRef = 05CC1E7222F0DE8F008CCD98 /* LatestCurrency.json */; };
		05D6351322F43CC8005ECD54 /* Constants.swift in Sources */ = {isa = PBXBuildFile; fileRef = 05D6351222F43CC8005ECD54 /* Constants.swift */; };
		05D6351722F44BB4005ECD54 /* CurrencyCell.swift in Sources */ = {isa = PBXBuildFile; fileRef = 05D6351522F44BB4005ECD54 /* CurrencyCell.swift */; };
		05D6351822F44BB4005ECD54 /* CurrencyCell.xib in Resources */ = {isa = PBXBuildFile; fileRef = 05D6351622F44BB4005ECD54 /* CurrencyCell.xib */; };
		05D6351A22F44C2E005ECD54 /* Color+Ext.swift in Sources */ = {isa = PBXBuildFile; fileRef = 05D6351922F44C2E005ECD54 /* Color+Ext.swift */; };
		05D6351C22F810CC005ECD54 /* Currency.swift in Sources */ = {isa = PBXBuildFile; fileRef = 05D6351B22F810CC005ECD54 /* Currency.swift */; };
		05D6351E22F83BB4005ECD54 /* Date+Ext.swift in Sources */ = {isa = PBXBuildFile; fileRef = 05D6351D22F83BB4005ECD54 /* Date+Ext.swift */; };
		05E8341322F9726600B67D2A /* Navigation+Ext.swift in Sources */ = {isa = PBXBuildFile; fileRef = 05E8341222F9726600B67D2A /* Navigation+Ext.swift */; };
		05E8341A22F986F900B67D2A /* BaseSelection.storyboard in Resources */ = {isa = PBXBuildFile; fileRef = 05E8341422F986F900B67D2A /* BaseSelection.storyboard */; };
		05E8341B22F986F900B67D2A /* BaseSelectionContract.swift in Sources */ = {isa = PBXBuildFile; fileRef = 05E8341522F986F900B67D2A /* BaseSelectionContract.swift */; };
		05E8341C22F986F900B67D2A /* BaseSelectionLayout.swift in Sources */ = {isa = PBXBuildFile; fileRef = 05E8341622F986F900B67D2A /* BaseSelectionLayout.swift */; };
		05E8341D22F986F900B67D2A /* BaseSelectionViewController.swift in Sources */ = {isa = PBXBuildFile; fileRef = 05E8341722F986F900B67D2A /* BaseSelectionViewController.swift */; };
		05E8341E22F986F900B67D2A /* BaseSelectionBuilder.swift in Sources */ = {isa = PBXBuildFile; fileRef = 05E8341822F986F900B67D2A /* BaseSelectionBuilder.swift */; };
		05E8341F22F986F900B67D2A /* BaseSelectionViewModel.swift in Sources */ = {isa = PBXBuildFile; fileRef = 05E8341922F986F900B67D2A /* BaseSelectionViewModel.swift */; };
		05E8342422F99A2300B67D2A /* HeaderView.swift in Sources */ = {isa = PBXBuildFile; fileRef = 05E8342322F99A2300B67D2A /* HeaderView.swift */; };
		05E8342B22F99F2300B67D2A /* BaseSelectionCell.swift in Sources */ = {isa = PBXBuildFile; fileRef = 05E8342922F99F2300B67D2A /* BaseSelectionCell.swift */; };
		05E8342C22F99F2300B67D2A /* BaseSelectionCell.xib in Resources */ = {isa = PBXBuildFile; fileRef = 05E8342A22F99F2300B67D2A /* BaseSelectionCell.xib */; };
		05E8343022F9AD3000B67D2A /* Double+Ext.swift in Sources */ = {isa = PBXBuildFile; fileRef = 05E8342F22F9AD3000B67D2A /* Double+Ext.swift */; };
		0D9A8CB3D316625CD842FB75 /* Pods_Cent.framework in Frameworks */ = {isa = PBXBuildFile; fileRef = F175A4052C870644301A419F /* Pods_Cent.framework */; };
		4DD0EBFEFB6D2A6E82375427 /* Pods_CentTests.framework in Frameworks */ = {isa = PBXBuildFile; fileRef = 705DB6518C46408BA76F874C /* Pods_CentTests.framework */; };
/* End PBXBuildFile section */

/* Begin PBXContainerItemProxy section */
		05CC1E3822F0C82F008CCD98 /* PBXContainerItemProxy */ = {
			isa = PBXContainerItemProxy;
			containerPortal = 05CC1E1B22F0C82E008CCD98 /* Project object */;
			proxyType = 1;
			remoteGlobalIDString = 05CC1E2222F0C82E008CCD98;
			remoteInfo = Cent;
		};
/* End PBXContainerItemProxy section */

/* Begin PBXFileReference section */
		05CC1E2322F0C82E008CCD98 /* Cent.app */ = {isa = PBXFileReference; explicitFileType = wrapper.application; includeInIndex = 0; path = Cent.app; sourceTree = BUILT_PRODUCTS_DIR; };
		05CC1E2622F0C82E008CCD98 /* AppDelegate.swift */ = {isa = PBXFileReference; lastKnownFileType = sourcecode.swift; path = AppDelegate.swift; sourceTree = "<group>"; };
		05CC1E2D22F0C82F008CCD98 /* Assets.xcassets */ = {isa = PBXFileReference; lastKnownFileType = folder.assetcatalog; path = Assets.xcassets; sourceTree = "<group>"; };
		05CC1E3022F0C82F008CCD98 /* Base */ = {isa = PBXFileReference; lastKnownFileType = file.storyboard; name = Base; path = Base.lproj/LaunchScreen.storyboard; sourceTree = "<group>"; };
		05CC1E3222F0C82F008CCD98 /* Info.plist */ = {isa = PBXFileReference; lastKnownFileType = text.plist.xml; path = Info.plist; sourceTree = "<group>"; };
		05CC1E3722F0C82F008CCD98 /* CentTests.xctest */ = {isa = PBXFileReference; explicitFileType = wrapper.cfbundle; includeInIndex = 0; path = CentTests.xctest; sourceTree = BUILT_PRODUCTS_DIR; };
		05CC1E3B22F0C82F008CCD98 /* CentTests.swift */ = {isa = PBXFileReference; lastKnownFileType = sourcecode.swift; path = CentTests.swift; sourceTree = "<group>"; };
		05CC1E3D22F0C82F008CCD98 /* Info.plist */ = {isa = PBXFileReference; lastKnownFileType = text.plist.xml; path = Info.plist; sourceTree = "<group>"; };
		05CC1E4922F0C9C6008CCD98 /* CentAPI.swift */ = {isa = PBXFileReference; lastKnownFileType = sourcecode.swift; path = CentAPI.swift; sourceTree = "<group>"; };
		05CC1E4C22F0CB21008CCD98 /* Optional+Ext.swift */ = {isa = PBXFileReference; lastKnownFileType = sourcecode.swift; path = "Optional+Ext.swift"; sourceTree = "<group>"; };
		05CC1E4E22F0CBE0008CCD98 /* Array+Ext.swift */ = {isa = PBXFileReference; lastKnownFileType = sourcecode.swift; path = "Array+Ext.swift"; sourceTree = "<group>"; };
		05CC1E5022F0D4F9008CCD98 /* ViewController+Ext.swift */ = {isa = PBXFileReference; lastKnownFileType = sourcecode.swift; path = "ViewController+Ext.swift"; sourceTree = "<group>"; };
		05CC1E5322F0D6B6008CCD98 /* CurrencyInfo.swift */ = {isa = PBXFileReference; lastKnownFileType = sourcecode.swift; path = CurrencyInfo.swift; sourceTree = "<group>"; };
		05CC1E5522F0D900008CCD98 /* CurrencyService.swift */ = {isa = PBXFileReference; lastKnownFileType = sourcecode.swift; path = CurrencyService.swift; sourceTree = "<group>"; };
		05CC1E5722F0D90D008CCD98 /* Error.swift */ = {isa = PBXFileReference; lastKnownFileType = sourcecode.swift; path = Error.swift; sourceTree = "<group>"; };
		05CC1E5B22F0D97F008CCD98 /* CurrencyInfo.json */ = {isa = PBXFileReference; lastKnownFileType = text.json; path = CurrencyInfo.json; sourceTree = "<group>"; };
		05CC1E5E22F0D9A3008CCD98 /* ServiceTest.swift */ = {isa = PBXFileReference; lastKnownFileType = sourcecode.swift; path = ServiceTest.swift; sourceTree = "<group>"; };
		05CC1E6422F0DBD3008CCD98 /* CurrencyList.storyboard */ = {isa = PBXFileReference; lastKnownFileType = file.storyboard; path = CurrencyList.storyboard; sourceTree = "<group>"; };
		05CC1E6522F0DBD3008CCD98 /* CurrencyListContract.swift */ = {isa = PBXFileReference; lastKnownFileType = sourcecode.swift; path = CurrencyListContract.swift; sourceTree = "<group>"; };
		05CC1E6622F0DBD3008CCD98 /* CurrencyListLayout.swift */ = {isa = PBXFileReference; lastKnownFileType = sourcecode.swift; path = CurrencyListLayout.swift; sourceTree = "<group>"; };
		05CC1E6722F0DBD3008CCD98 /* CurrencyListViewController.swift */ = {isa = PBXFileReference; lastKnownFileType = sourcecode.swift; path = CurrencyListViewController.swift; sourceTree = "<group>"; };
		05CC1E6822F0DBD3008CCD98 /* CurrencyListBuilder.swift */ = {isa = PBXFileReference; lastKnownFileType = sourcecode.swift; path = CurrencyListBuilder.swift; sourceTree = "<group>"; };
		05CC1E6922F0DBD3008CCD98 /* CurrencyListViewModel.swift */ = {isa = PBXFileReference; lastKnownFileType = sourcecode.swift; path = CurrencyListViewModel.swift; sourceTree = "<group>"; };
		05CC1E7022F0DD81008CCD98 /* RangedCurrency.swift */ = {isa = PBXFileReference; lastKnownFileType = sourcecode.swift; path = RangedCurrency.swift; sourceTree = "<group>"; };
		05CC1E7222F0DE8F008CCD98 /* LatestCurrency.json */ = {isa = PBXFileReference; lastKnownFileType = text.json; path = LatestCurrency.json; sourceTree = "<group>"; };
		05D6351222F43CC8005ECD54 /* Constants.swift */ = {isa = PBXFileReference; lastKnownFileType = sourcecode.swift; path = Constants.swift; sourceTree = "<group>"; };
		05D6351522F44BB4005ECD54 /* CurrencyCell.swift */ = {isa = PBXFileReference; lastKnownFileType = sourcecode.swift; path = CurrencyCell.swift; sourceTree = "<group>"; };
		05D6351622F44BB4005ECD54 /* CurrencyCell.xib */ = {isa = PBXFileReference; lastKnownFileType = file.xib; path = CurrencyCell.xib; sourceTree = "<group>"; };
		05D6351922F44C2E005ECD54 /* Color+Ext.swift */ = {isa = PBXFileReference; lastKnownFileType = sourcecode.swift; path = "Color+Ext.swift"; sourceTree = "<group>"; };
		05D6351B22F810CC005ECD54 /* Currency.swift */ = {isa = PBXFileReference; lastKnownFileType = sourcecode.swift; path = Currency.swift; sourceTree = "<group>"; };
		05D6351D22F83BB4005ECD54 /* Date+Ext.swift */ = {isa = PBXFileReference; lastKnownFileType = sourcecode.swift; path = "Date+Ext.swift"; sourceTree = "<group>"; };
		05E8341222F9726600B67D2A /* Navigation+Ext.swift */ = {isa = PBXFileReference; lastKnownFileType = sourcecode.swift; path = "Navigation+Ext.swift"; sourceTree = "<group>"; };
		05E8341422F986F900B67D2A /* BaseSelection.storyboard */ = {isa = PBXFileReference; lastKnownFileType = file.storyboard; path = BaseSelection.storyboard; sourceTree = "<group>"; };
		05E8341522F986F900B67D2A /* BaseSelectionContract.swift */ = {isa = PBXFileReference; lastKnownFileType = sourcecode.swift; path = BaseSelectionContract.swift; sourceTree = "<group>"; };
		05E8341622F986F900B67D2A /* BaseSelectionLayout.swift */ = {isa = PBXFileReference; lastKnownFileType = sourcecode.swift; path = BaseSelectionLayout.swift; sourceTree = "<group>"; };
		05E8341722F986F900B67D2A /* BaseSelectionViewController.swift */ = {isa = PBXFileReference; lastKnownFileType = sourcecode.swift; path = BaseSelectionViewController.swift; sourceTree = "<group>"; };
		05E8341822F986F900B67D2A /* BaseSelectionBuilder.swift */ = {isa = PBXFileReference; lastKnownFileType = sourcecode.swift; path = BaseSelectionBuilder.swift; sourceTree = "<group>"; };
		05E8341922F986F900B67D2A /* BaseSelectionViewModel.swift */ = {isa = PBXFileReference; lastKnownFileType = sourcecode.swift; path = BaseSelectionViewModel.swift; sourceTree = "<group>"; };
		05E8342322F99A2300B67D2A /* HeaderView.swift */ = {isa = PBXFileReference; lastKnownFileType = sourcecode.swift; path = HeaderView.swift; sourceTree = "<group>"; };
		05E8342922F99F2300B67D2A /* BaseSelectionCell.swift */ = {isa = PBXFileReference; lastKnownFileType = sourcecode.swift; path = BaseSelectionCell.swift; sourceTree = "<group>"; };
		05E8342A22F99F2300B67D2A /* BaseSelectionCell.xib */ = {isa = PBXFileReference; lastKnownFileType = file.xib; path = BaseSelectionCell.xib; sourceTree = "<group>"; };
		05E8342F22F9AD3000B67D2A /* Double+Ext.swift */ = {isa = PBXFileReference; lastKnownFileType = sourcecode.swift; path = "Double+Ext.swift"; sourceTree = "<group>"; };
		705DB6518C46408BA76F874C /* Pods_CentTests.framework */ = {isa = PBXFileReference; explicitFileType = wrapper.framework; includeInIndex = 0; path = Pods_CentTests.framework; sourceTree = BUILT_PRODUCTS_DIR; };
		7D1CE1EF1EB0A170F28BC026 /* Pods-Cent.debug.xcconfig */ = {isa = PBXFileReference; includeInIndex = 1; lastKnownFileType = text.xcconfig; name = "Pods-Cent.debug.xcconfig"; path = "Target Support Files/Pods-Cent/Pods-Cent.debug.xcconfig"; sourceTree = "<group>"; };
		88AA5B5AE497BA4AB40E63E6 /* Pods-CentTests.debug.xcconfig */ = {isa = PBXFileReference; includeInIndex = 1; lastKnownFileType = text.xcconfig; name = "Pods-CentTests.debug.xcconfig"; path = "Target Support Files/Pods-CentTests/Pods-CentTests.debug.xcconfig"; sourceTree = "<group>"; };
		90C2C7558040376A9CFF4486 /* Pods-CentTests.release.xcconfig */ = {isa = PBXFileReference; includeInIndex = 1; lastKnownFileType = text.xcconfig; name = "Pods-CentTests.release.xcconfig"; path = "Target Support Files/Pods-CentTests/Pods-CentTests.release.xcconfig"; sourceTree = "<group>"; };
		BFF90DA1A9BEEEE47012B5C6 /* Pods-Cent.release.xcconfig */ = {isa = PBXFileReference; includeInIndex = 1; lastKnownFileType = text.xcconfig; name = "Pods-Cent.release.xcconfig"; path = "Target Support Files/Pods-Cent/Pods-Cent.release.xcconfig"; sourceTree = "<group>"; };
		F175A4052C870644301A419F /* Pods_Cent.framework */ = {isa = PBXFileReference; explicitFileType = wrapper.framework; includeInIndex = 0; path = Pods_Cent.framework; sourceTree = BUILT_PRODUCTS_DIR; };
/* End PBXFileReference section */

/* Begin PBXFrameworksBuildPhase section */
		05CC1E2022F0C82E008CCD98 /* Frameworks */ = {
			isa = PBXFrameworksBuildPhase;
			buildActionMask = 2147483647;
			files = (
				0D9A8CB3D316625CD842FB75 /* Pods_Cent.framework in Frameworks */,
			);
			runOnlyForDeploymentPostprocessing = 0;
		};
		05CC1E3422F0C82F008CCD98 /* Frameworks */ = {
			isa = PBXFrameworksBuildPhase;
			buildActionMask = 2147483647;
			files = (
				4DD0EBFEFB6D2A6E82375427 /* Pods_CentTests.framework in Frameworks */,
			);
			runOnlyForDeploymentPostprocessing = 0;
		};
/* End PBXFrameworksBuildPhase section */

/* Begin PBXGroup section */
		05CC1E1A22F0C82E008CCD98 = {
			isa = PBXGroup;
			children = (
				05CC1E2522F0C82E008CCD98 /* Cent */,
				05CC1E3A22F0C82F008CCD98 /* CentTests */,
				05CC1E2422F0C82E008CCD98 /* Products */,
				33E655DA3BF95EFDD5B02477 /* Pods */,
				539C17761828ED8E157353B8 /* Frameworks */,
			);
			sourceTree = "<group>";
		};
		05CC1E2422F0C82E008CCD98 /* Products */ = {
			isa = PBXGroup;
			children = (
				05CC1E2322F0C82E008CCD98 /* Cent.app */,
				05CC1E3722F0C82F008CCD98 /* CentTests.xctest */,
			);
			name = Products;
			sourceTree = "<group>";
		};
		05CC1E2522F0C82E008CCD98 /* Cent */ = {
			isa = PBXGroup;
			children = (
				05CC1E2622F0C82E008CCD98 /* AppDelegate.swift */,
				05CC1E6222F0DBB1008CCD98 /* Scenes */,
				05CC1E4822F0C869008CCD98 /* Service */,
				05CC1E4722F0C864008CCD98 /* Models */,
				05CC1E4B22F0CA1C008CCD98 /* Extensions */,
				05CC1E4622F0C83C008CCD98 /* Resources */,
				05CC1E5922F0D95D008CCD98 /* Test */,
				05CC1E3222F0C82F008CCD98 /* Info.plist */,
			);
			path = Cent;
			sourceTree = "<group>";
		};
		05CC1E3A22F0C82F008CCD98 /* CentTests */ = {
			isa = PBXGroup;
			children = (
				05CC1E5E22F0D9A3008CCD98 /* ServiceTest.swift */,
				05CC1E3B22F0C82F008CCD98 /* CentTests.swift */,
				05CC1E3D22F0C82F008CCD98 /* Info.plist */,
			);
			path = CentTests;
			sourceTree = "<group>";
		};
		05CC1E4622F0C83C008CCD98 /* Resources */ = {
			isa = PBXGroup;
			children = (
				05CC1E2D22F0C82F008CCD98 /* Assets.xcassets */,
				05CC1E2F22F0C82F008CCD98 /* LaunchScreen.storyboard */,
			);
			path = Resources;
			sourceTree = "<group>";
		};
		05CC1E4722F0C864008CCD98 /* Models */ = {
			isa = PBXGroup;
			children = (
				05D6351B22F810CC005ECD54 /* Currency.swift */,
			);
			path = Models;
			sourceTree = "<group>";
		};
		05CC1E4822F0C869008CCD98 /* Service */ = {
			isa = PBXGroup;
			children = (
				05CC1E5222F0D6A6008CCD98 /* Responses */,
				05CC1E5522F0D900008CCD98 /* CurrencyService.swift */,
				05CC1E4922F0C9C6008CCD98 /* CentAPI.swift */,
				05CC1E5722F0D90D008CCD98 /* Error.swift */,
			);
			path = Service;
			sourceTree = "<group>";
		};
		05CC1E4B22F0CA1C008CCD98 /* Extensions */ = {
			isa = PBXGroup;
			children = (
				05D6351222F43CC8005ECD54 /* Constants.swift */,
				05CC1E4C22F0CB21008CCD98 /* Optional+Ext.swift */,
				05CC1E4E22F0CBE0008CCD98 /* Array+Ext.swift */,
				05CC1E5022F0D4F9008CCD98 /* ViewController+Ext.swift */,
				05D6351922F44C2E005ECD54 /* Color+Ext.swift */,
				05D6351D22F83BB4005ECD54 /* Date+Ext.swift */,
				05E8341222F9726600B67D2A /* Navigation+Ext.swift */,
				05E8342F22F9AD3000B67D2A /* Double+Ext.swift */,
			);
			path = Extensions;
			sourceTree = "<group>";
		};
		05CC1E5222F0D6A6008CCD98 /* Responses */ = {
			isa = PBXGroup;
			children = (
				05CC1E5322F0D6B6008CCD98 /* CurrencyInfo.swift */,
				05CC1E7022F0DD81008CCD98 /* RangedCurrency.swift */,
			);
			path = Responses;
			sourceTree = "<group>";
		};
		05CC1E5922F0D95D008CCD98 /* Test */ = {
			isa = PBXGroup;
			children = (
				05CC1E5A22F0D969008CCD98 /* Data */,
			);
			path = Test;
			sourceTree = "<group>";
		};
		05CC1E5A22F0D969008CCD98 /* Data */ = {
			isa = PBXGroup;
			children = (
				05CC1E5B22F0D97F008CCD98 /* CurrencyInfo.json */,
				05CC1E7222F0DE8F008CCD98 /* LatestCurrency.json */,
			);
			path = Data;
			sourceTree = "<group>";
		};
		05CC1E6222F0DBB1008CCD98 /* Scenes */ = {
			isa = PBXGroup;
			children = (
				05CC1E6322F0DBB9008CCD98 /* CurrencyList */,
				05E8341122F971CF00B67D2A /* CurrencyBase */,
			);
			path = Scenes;
			sourceTree = "<group>";
		};
		05CC1E6322F0DBB9008CCD98 /* CurrencyList */ = {
			isa = PBXGroup;
			children = (
				05CC1E6422F0DBD3008CCD98 /* CurrencyList.storyboard */,
				05CC1E6822F0DBD3008CCD98 /* CurrencyListBuilder.swift */,
				05CC1E6522F0DBD3008CCD98 /* CurrencyListContract.swift */,
				05CC1E6722F0DBD3008CCD98 /* CurrencyListViewController.swift */,
				05CC1E6922F0DBD3008CCD98 /* CurrencyListViewModel.swift */,
				05CC1E6622F0DBD3008CCD98 /* CurrencyListLayout.swift */,
				05D6351422F44B98005ECD54 /* Cells */,
			);
			path = CurrencyList;
			sourceTree = "<group>";
		};
		05D6351422F44B98005ECD54 /* Cells */ = {
			isa = PBXGroup;
			children = (
				05D6351522F44BB4005ECD54 /* CurrencyCell.swift */,
				05D6351622F44BB4005ECD54 /* CurrencyCell.xib */,
			);
			path = Cells;
			sourceTree = "<group>";
		};
		05E8341122F971CF00B67D2A /* CurrencyBase */ = {
			isa = PBXGroup;
			children = (
				05E8341422F986F900B67D2A /* BaseSelection.storyboard */,
				05E8341822F986F900B67D2A /* BaseSelectionBuilder.swift */,
				05E8341522F986F900B67D2A /* BaseSelectionContract.swift */,
				05E8341722F986F900B67D2A /* BaseSelectionViewController.swift */,
				05E8341922F986F900B67D2A /* BaseSelectionViewModel.swift */,
				05E8341622F986F900B67D2A /* BaseSelectionLayout.swift */,
				05E8342022F993A100B67D2A /* New Group */,
			);
			path = CurrencyBase;
			sourceTree = "<group>";
		};
		05E8342022F993A100B67D2A /* New Group */ = {
			isa = PBXGroup;
			children = (
				05E8342322F99A2300B67D2A /* HeaderView.swift */,
				05E8342922F99F2300B67D2A /* BaseSelectionCell.swift */,
				05E8342A22F99F2300B67D2A /* BaseSelectionCell.xib */,
			);
			path = "New Group";
			sourceTree = "<group>";
		};
		33E655DA3BF95EFDD5B02477 /* Pods */ = {
			isa = PBXGroup;
			children = (
				7D1CE1EF1EB0A170F28BC026 /* Pods-Cent.debug.xcconfig */,
				BFF90DA1A9BEEEE47012B5C6 /* Pods-Cent.release.xcconfig */,
				88AA5B5AE497BA4AB40E63E6 /* Pods-CentTests.debug.xcconfig */,
				90C2C7558040376A9CFF4486 /* Pods-CentTests.release.xcconfig */,
			);
			path = Pods;
			sourceTree = "<group>";
		};
		539C17761828ED8E157353B8 /* Frameworks */ = {
			isa = PBXGroup;
			children = (
				F175A4052C870644301A419F /* Pods_Cent.framework */,
				705DB6518C46408BA76F874C /* Pods_CentTests.framework */,
			);
			name = Frameworks;
			sourceTree = "<group>";
		};
/* End PBXGroup section */

/* Begin PBXNativeTarget section */
		05CC1E2222F0C82E008CCD98 /* Cent */ = {
			isa = PBXNativeTarget;
			buildConfigurationList = 05CC1E4022F0C82F008CCD98 /* Build configuration list for PBXNativeTarget "Cent" */;
			buildPhases = (
				4BE9DCCAAA8B4B5ACE318AB5 /* [CP] Check Pods Manifest.lock */,
				05CC1E1F22F0C82E008CCD98 /* Sources */,
				05CC1E2022F0C82E008CCD98 /* Frameworks */,
				05CC1E2122F0C82E008CCD98 /* Resources */,
				7D555DDFAB74E1092BAD5F75 /* [CP] Embed Pods Frameworks */,
			);
			buildRules = (
			);
			dependencies = (
			);
			name = Cent;
			productName = Cent;
			productReference = 05CC1E2322F0C82E008CCD98 /* Cent.app */;
			productType = "com.apple.product-type.application";
		};
		05CC1E3622F0C82F008CCD98 /* CentTests */ = {
			isa = PBXNativeTarget;
			buildConfigurationList = 05CC1E4322F0C82F008CCD98 /* Build configuration list for PBXNativeTarget "CentTests" */;
			buildPhases = (
				9385F010600FD5E9DFE401B3 /* [CP] Check Pods Manifest.lock */,
				05CC1E3322F0C82F008CCD98 /* Sources */,
				05CC1E3422F0C82F008CCD98 /* Frameworks */,
				05CC1E3522F0C82F008CCD98 /* Resources */,
			);
			buildRules = (
			);
			dependencies = (
				05CC1E3922F0C82F008CCD98 /* PBXTargetDependency */,
			);
			name = CentTests;
			productName = CentTests;
			productReference = 05CC1E3722F0C82F008CCD98 /* CentTests.xctest */;
			productType = "com.apple.product-type.bundle.unit-test";
		};
/* End PBXNativeTarget section */

/* Begin PBXProject section */
		05CC1E1B22F0C82E008CCD98 /* Project object */ = {
			isa = PBXProject;
			attributes = {
				LastSwiftUpdateCheck = 1020;
				LastUpgradeCheck = 1020;
				ORGANIZATIONNAME = "Eyup Kazım Göymen";
				TargetAttributes = {
					05CC1E2222F0C82E008CCD98 = {
						CreatedOnToolsVersion = 10.2.1;
					};
					05CC1E3622F0C82F008CCD98 = {
						CreatedOnToolsVersion = 10.2.1;
						TestTargetID = 05CC1E2222F0C82E008CCD98;
					};
				};
			};
			buildConfigurationList = 05CC1E1E22F0C82E008CCD98 /* Build configuration list for PBXProject "Cent" */;
			compatibilityVersion = "Xcode 9.3";
			developmentRegion = en;
			hasScannedForEncodings = 0;
			knownRegions = (
				en,
				Base,
			);
			mainGroup = 05CC1E1A22F0C82E008CCD98;
			productRefGroup = 05CC1E2422F0C82E008CCD98 /* Products */;
			projectDirPath = "";
			projectRoot = "";
			targets = (
				05CC1E2222F0C82E008CCD98 /* Cent */,
				05CC1E3622F0C82F008CCD98 /* CentTests */,
			);
		};
/* End PBXProject section */

/* Begin PBXResourcesBuildPhase section */
		05CC1E2122F0C82E008CCD98 /* Resources */ = {
			isa = PBXResourcesBuildPhase;
			buildActionMask = 2147483647;
			files = (
				05CC1E7322F0DE8F008CCD98 /* LatestCurrency.json in Resources */,
				05CC1E3122F0C82F008CCD98 /* LaunchScreen.storyboard in Resources */,
				05CC1E6A22F0DBD3008CCD98 /* CurrencyList.storyboard in Resources */,
				05CC1E5C22F0D97F008CCD98 /* CurrencyInfo.json in Resources */,
				05D6351822F44BB4005ECD54 /* CurrencyCell.xib in Resources */,
				05CC1E2E22F0C82F008CCD98 /* Assets.xcassets in Resources */,
				05E8341A22F986F900B67D2A /* BaseSelection.storyboard in Resources */,
				05E8342C22F99F2300B67D2A /* BaseSelectionCell.xib in Resources */,
			);
			runOnlyForDeploymentPostprocessing = 0;
		};
		05CC1E3522F0C82F008CCD98 /* Resources */ = {
			isa = PBXResourcesBuildPhase;
			buildActionMask = 2147483647;
			files = (
				05CC1E5D22F0D988008CCD98 /* CurrencyInfo.json in Resources */,
				05CC1E7422F0DEC9008CCD98 /* LatestCurrency.json in Resources */,
			);
			runOnlyForDeploymentPostprocessing = 0;
		};
/* End PBXResourcesBuildPhase section */

/* Begin PBXShellScriptBuildPhase section */
		4BE9DCCAAA8B4B5ACE318AB5 /* [CP] Check Pods Manifest.lock */ = {
			isa = PBXShellScriptBuildPhase;
			buildActionMask = 2147483647;
			files = (
			);
			inputFileListPaths = (
			);
			inputPaths = (
				"${PODS_PODFILE_DIR_PATH}/Podfile.lock",
				"${PODS_ROOT}/Manifest.lock",
			);
			name = "[CP] Check Pods Manifest.lock";
			outputFileListPaths = (
			);
			outputPaths = (
				"$(DERIVED_FILE_DIR)/Pods-Cent-checkManifestLockResult.txt",
			);
			runOnlyForDeploymentPostprocessing = 0;
			shellPath = /bin/sh;
			shellScript = "diff \"${PODS_PODFILE_DIR_PATH}/Podfile.lock\" \"${PODS_ROOT}/Manifest.lock\" > /dev/null\nif [ $? != 0 ] ; then\n    # print error to STDERR\n    echo \"error: The sandbox is not in sync with the Podfile.lock. Run 'pod install' or update your CocoaPods installation.\" >&2\n    exit 1\nfi\n# This output is used by Xcode 'outputs' to avoid re-running this script phase.\necho \"SUCCESS\" > \"${SCRIPT_OUTPUT_FILE_0}\"\n";
			showEnvVarsInLog = 0;
		};
		7D555DDFAB74E1092BAD5F75 /* [CP] Embed Pods Frameworks */ = {
			isa = PBXShellScriptBuildPhase;
			buildActionMask = 2147483647;
			files = (
			);
			inputFileListPaths = (
			);
			inputPaths = (
				"${PODS_ROOT}/Target Support Files/Pods-Cent/Pods-Cent-frameworks.sh",
				"${BUILT_PRODUCTS_DIR}/Alamofire/Alamofire.framework",
				"${BUILT_PRODUCTS_DIR}/Kingfisher/Kingfisher.framework",
				"${BUILT_PRODUCTS_DIR}/Moya/Moya.framework",
				"${BUILT_PRODUCTS_DIR}/Result/Result.framework",
				"${BUILT_PRODUCTS_DIR}/SVProgressHUD/SVProgressHUD.framework",
			);
			name = "[CP] Embed Pods Frameworks";
			outputFileListPaths = (
			);
			outputPaths = (
				"${TARGET_BUILD_DIR}/${FRAMEWORKS_FOLDER_PATH}/Alamofire.framework",
				"${TARGET_BUILD_DIR}/${FRAMEWORKS_FOLDER_PATH}/Kingfisher.framework",
				"${TARGET_BUILD_DIR}/${FRAMEWORKS_FOLDER_PATH}/Moya.framework",
				"${TARGET_BUILD_DIR}/${FRAMEWORKS_FOLDER_PATH}/Result.framework",
				"${TARGET_BUILD_DIR}/${FRAMEWORKS_FOLDER_PATH}/SVProgressHUD.framework",
			);
			runOnlyForDeploymentPostprocessing = 0;
			shellPath = /bin/sh;
			shellScript = "\"${PODS_ROOT}/Target Support Files/Pods-Cent/Pods-Cent-frameworks.sh\"\n";
			showEnvVarsInLog = 0;
		};
		9385F010600FD5E9DFE401B3 /* [CP] Check Pods Manifest.lock */ = {
			isa = PBXShellScriptBuildPhase;
			buildActionMask = 2147483647;
			files = (
			);
			inputFileListPaths = (
			);
			inputPaths = (
				"${PODS_PODFILE_DIR_PATH}/Podfile.lock",
				"${PODS_ROOT}/Manifest.lock",
			);
			name = "[CP] Check Pods Manifest.lock";
			outputFileListPaths = (
			);
			outputPaths = (
				"$(DERIVED_FILE_DIR)/Pods-CentTests-checkManifestLockResult.txt",
			);
			runOnlyForDeploymentPostprocessing = 0;
			shellPath = /bin/sh;
			shellScript = "diff \"${PODS_PODFILE_DIR_PATH}/Podfile.lock\" \"${PODS_ROOT}/Manifest.lock\" > /dev/null\nif [ $? != 0 ] ; then\n    # print error to STDERR\n    echo \"error: The sandbox is not in sync with the Podfile.lock. Run 'pod install' or update your CocoaPods installation.\" >&2\n    exit 1\nfi\n# This output is used by Xcode 'outputs' to avoid re-running this script phase.\necho \"SUCCESS\" > \"${SCRIPT_OUTPUT_FILE_0}\"\n";
			showEnvVarsInLog = 0;
		};
/* End PBXShellScriptBuildPhase section */

/* Begin PBXSourcesBuildPhase section */
		05CC1E1F22F0C82E008CCD98 /* Sources */ = {
			isa = PBXSourcesBuildPhase;
			buildActionMask = 2147483647;
			files = (
				05E8341B22F986F900B67D2A /* BaseSelectionContract.swift in Sources */,
				05D6351C22F810CC005ECD54 /* Currency.swift in Sources */,
				05CC1E6D22F0DBD3008CCD98 /* CurrencyListViewController.swift in Sources */,
				05CC1E6F22F0DBD3008CCD98 /* CurrencyListViewModel.swift in Sources */,
				05CC1E5822F0D90D008CCD98 /* Error.swift in Sources */,
				05E8341F22F986F900B67D2A /* BaseSelectionViewModel.swift in Sources */,
				05CC1E4A22F0C9C6008CCD98 /* CentAPI.swift in Sources */,
				05D6351A22F44C2E005ECD54 /* Color+Ext.swift in Sources */,
				05CC1E4F22F0CBE0008CCD98 /* Array+Ext.swift in Sources */,
				05D6351322F43CC8005ECD54 /* Constants.swift in Sources */,
				05CC1E7122F0DD81008CCD98 /* RangedCurrency.swift in Sources */,
				05D6351E22F83BB4005ECD54 /* Date+Ext.swift in Sources */,
				05CC1E2722F0C82E008CCD98 /* AppDelegate.swift in Sources */,
				05E8341322F9726600B67D2A /* Navigation+Ext.swift in Sources */,
				05E8341D22F986F900B67D2A /* BaseSelectionViewController.swift in Sources */,
				05D6351722F44BB4005ECD54 /* CurrencyCell.swift in Sources */,
				05CC1E4D22F0CB21008CCD98 /* Optional+Ext.swift in Sources */,
				05CC1E6E22F0DBD3008CCD98 /* CurrencyListBuilder.swift in Sources */,
				05E8343022F9AD3000B67D2A /* Double+Ext.swift in Sources */,
				05CC1E6B22F0DBD3008CCD98 /* CurrencyListContract.swift in Sources */,
				05CC1E6C22F0DBD3008CCD98 /* CurrencyListLayout.swift in Sources */,
				05CC1E5622F0D900008CCD98 /* CurrencyService.swift in Sources */,
				05CC1E5122F0D4F9008CCD98 /* ViewController+Ext.swift in Sources */,
				05E8341E22F986F900B67D2A /* BaseSelectionBuilder.swift in Sources */,
				05CC1E5422F0D6B6008CCD98 /* CurrencyInfo.swift in Sources */,
				05E8341C22F986F900B67D2A /* BaseSelectionLayout.swift in Sources */,
				05E8342B22F99F2300B67D2A /* BaseSelectionCell.swift in Sources */,
				05E8342422F99A2300B67D2A /* HeaderView.swift in Sources */,
			);
			runOnlyForDeploymentPostprocessing = 0;
		};
		05CC1E3322F0C82F008CCD98 /* Sources */ = {
			isa = PBXSourcesBuildPhase;
			buildActionMask = 2147483647;
			files = (
				05CC1E3C22F0C82F008CCD98 /* CentTests.swift in Sources */,
				05CC1E5F22F0D9A3008CCD98 /* ServiceTest.swift in Sources */,
			);
			runOnlyForDeploymentPostprocessing = 0;
		};
/* End PBXSourcesBuildPhase section */

/* Begin PBXTargetDependency section */
		05CC1E3922F0C82F008CCD98 /* PBXTargetDependency */ = {
			isa = PBXTargetDependency;
			target = 05CC1E2222F0C82E008CCD98 /* Cent */;
			targetProxy = 05CC1E3822F0C82F008CCD98 /* PBXContainerItemProxy */;
		};
/* End PBXTargetDependency section */

/* Begin PBXVariantGroup section */
		05CC1E2F22F0C82F008CCD98 /* LaunchScreen.storyboard */ = {
			isa = PBXVariantGroup;
			children = (
				05CC1E3022F0C82F008CCD98 /* Base */,
			);
			name = LaunchScreen.storyboard;
			sourceTree = "<group>";
		};
/* End PBXVariantGroup section */

/* Begin XCBuildConfiguration section */
		05CC1E3E22F0C82F008CCD98 /* Debug */ = {
			isa = XCBuildConfiguration;
			buildSettings = {
				ALWAYS_SEARCH_USER_PATHS = NO;
				CLANG_ANALYZER_NONNULL = YES;
				CLANG_ANALYZER_NUMBER_OBJECT_CONVERSION = YES_AGGRESSIVE;
				CLANG_CXX_LANGUAGE_STANDARD = "gnu++14";
				CLANG_CXX_LIBRARY = "libc++";
				CLANG_ENABLE_MODULES = YES;
				CLANG_ENABLE_OBJC_ARC = YES;
				CLANG_ENABLE_OBJC_WEAK = YES;
				CLANG_WARN_BLOCK_CAPTURE_AUTORELEASING = YES;
				CLANG_WARN_BOOL_CONVERSION = YES;
				CLANG_WARN_COMMA = YES;
				CLANG_WARN_CONSTANT_CONVERSION = YES;
				CLANG_WARN_DEPRECATED_OBJC_IMPLEMENTATIONS = YES;
				CLANG_WARN_DIRECT_OBJC_ISA_USAGE = YES_ERROR;
				CLANG_WARN_DOCUMENTATION_COMMENTS = YES;
				CLANG_WARN_EMPTY_BODY = YES;
				CLANG_WARN_ENUM_CONVERSION = YES;
				CLANG_WARN_INFINITE_RECURSION = YES;
				CLANG_WARN_INT_CONVERSION = YES;
				CLANG_WARN_NON_LITERAL_NULL_CONVERSION = YES;
				CLANG_WARN_OBJC_IMPLICIT_RETAIN_SELF = YES;
				CLANG_WARN_OBJC_LITERAL_CONVERSION = YES;
				CLANG_WARN_OBJC_ROOT_CLASS = YES_ERROR;
				CLANG_WARN_RANGE_LOOP_ANALYSIS = YES;
				CLANG_WARN_STRICT_PROTOTYPES = YES;
				CLANG_WARN_SUSPICIOUS_MOVE = YES;
				CLANG_WARN_UNGUARDED_AVAILABILITY = YES_AGGRESSIVE;
				CLANG_WARN_UNREACHABLE_CODE = YES;
				CLANG_WARN__DUPLICATE_METHOD_MATCH = YES;
				CODE_SIGN_IDENTITY = "iPhone Developer";
				COPY_PHASE_STRIP = NO;
				DEBUG_INFORMATION_FORMAT = dwarf;
				ENABLE_STRICT_OBJC_MSGSEND = YES;
				ENABLE_TESTABILITY = YES;
				GCC_C_LANGUAGE_STANDARD = gnu11;
				GCC_DYNAMIC_NO_PIC = NO;
				GCC_NO_COMMON_BLOCKS = YES;
				GCC_OPTIMIZATION_LEVEL = 0;
				GCC_PREPROCESSOR_DEFINITIONS = (
					"DEBUG=1",
					"$(inherited)",
				);
				GCC_WARN_64_TO_32_BIT_CONVERSION = YES;
				GCC_WARN_ABOUT_RETURN_TYPE = YES_ERROR;
				GCC_WARN_UNDECLARED_SELECTOR = YES;
				GCC_WARN_UNINITIALIZED_AUTOS = YES_AGGRESSIVE;
				GCC_WARN_UNUSED_FUNCTION = YES;
				GCC_WARN_UNUSED_VARIABLE = YES;
				IPHONEOS_DEPLOYMENT_TARGET = 12.2;
				MTL_ENABLE_DEBUG_INFO = INCLUDE_SOURCE;
				MTL_FAST_MATH = YES;
				ONLY_ACTIVE_ARCH = YES;
				SDKROOT = iphoneos;
				SWIFT_ACTIVE_COMPILATION_CONDITIONS = DEBUG;
				SWIFT_OPTIMIZATION_LEVEL = "-Onone";
			};
			name = Debug;
		};
		05CC1E3F22F0C82F008CCD98 /* Release */ = {
			isa = XCBuildConfiguration;
			buildSettings = {
				ALWAYS_SEARCH_USER_PATHS = NO;
				CLANG_ANALYZER_NONNULL = YES;
				CLANG_ANALYZER_NUMBER_OBJECT_CONVERSION = YES_AGGRESSIVE;
				CLANG_CXX_LANGUAGE_STANDARD = "gnu++14";
				CLANG_CXX_LIBRARY = "libc++";
				CLANG_ENABLE_MODULES = YES;
				CLANG_ENABLE_OBJC_ARC = YES;
				CLANG_ENABLE_OBJC_WEAK = YES;
				CLANG_WARN_BLOCK_CAPTURE_AUTORELEASING = YES;
				CLANG_WARN_BOOL_CONVERSION = YES;
				CLANG_WARN_COMMA = YES;
				CLANG_WARN_CONSTANT_CONVERSION = YES;
				CLANG_WARN_DEPRECATED_OBJC_IMPLEMENTATIONS = YES;
				CLANG_WARN_DIRECT_OBJC_ISA_USAGE = YES_ERROR;
				CLANG_WARN_DOCUMENTATION_COMMENTS = YES;
				CLANG_WARN_EMPTY_BODY = YES;
				CLANG_WARN_ENUM_CONVERSION = YES;
				CLANG_WARN_INFINITE_RECURSION = YES;
				CLANG_WARN_INT_CONVERSION = YES;
				CLANG_WARN_NON_LITERAL_NULL_CONVERSION = YES;
				CLANG_WARN_OBJC_IMPLICIT_RETAIN_SELF = YES;
				CLANG_WARN_OBJC_LITERAL_CONVERSION = YES;
				CLANG_WARN_OBJC_ROOT_CLASS = YES_ERROR;
				CLANG_WARN_RANGE_LOOP_ANALYSIS = YES;
				CLANG_WARN_STRICT_PROTOTYPES = YES;
				CLANG_WARN_SUSPICIOUS_MOVE = YES;
				CLANG_WARN_UNGUARDED_AVAILABILITY = YES_AGGRESSIVE;
				CLANG_WARN_UNREACHABLE_CODE = YES;
				CLANG_WARN__DUPLICATE_METHOD_MATCH = YES;
				CODE_SIGN_IDENTITY = "iPhone Developer";
				COPY_PHASE_STRIP = NO;
				DEBUG_INFORMATION_FORMAT = "dwarf-with-dsym";
				ENABLE_NS_ASSERTIONS = NO;
				ENABLE_STRICT_OBJC_MSGSEND = YES;
				GCC_C_LANGUAGE_STANDARD = gnu11;
				GCC_NO_COMMON_BLOCKS = YES;
				GCC_WARN_64_TO_32_BIT_CONVERSION = YES;
				GCC_WARN_ABOUT_RETURN_TYPE = YES_ERROR;
				GCC_WARN_UNDECLARED_SELECTOR = YES;
				GCC_WARN_UNINITIALIZED_AUTOS = YES_AGGRESSIVE;
				GCC_WARN_UNUSED_FUNCTION = YES;
				GCC_WARN_UNUSED_VARIABLE = YES;
				IPHONEOS_DEPLOYMENT_TARGET = 12.2;
				MTL_ENABLE_DEBUG_INFO = NO;
				MTL_FAST_MATH = YES;
				SDKROOT = iphoneos;
				SWIFT_COMPILATION_MODE = wholemodule;
				SWIFT_OPTIMIZATION_LEVEL = "-O";
				VALIDATE_PRODUCT = YES;
			};
			name = Release;
		};
		05CC1E4122F0C82F008CCD98 /* Debug */ = {
			isa = XCBuildConfiguration;
			baseConfigurationReference = 7D1CE1EF1EB0A170F28BC026 /* Pods-Cent.debug.xcconfig */;
			buildSettings = {
				ASSETCATALOG_COMPILER_APPICON_NAME = AppIcon;
				CODE_SIGN_STYLE = Automatic;
				DEVELOPMENT_TEAM = M58P3AW9PQ;
				INFOPLIST_FILE = Cent/Info.plist;
				LD_RUNPATH_SEARCH_PATHS = (
					"$(inherited)",
					"@executable_path/Frameworks",
				);
				PRODUCT_BUNDLE_IDENTIFIER = com.eyupgoymen.Cent;
				PRODUCT_NAME = "$(TARGET_NAME)";
				SWIFT_VERSION = 5.0;
				TARGETED_DEVICE_FAMILY = "1,2";
			};
			name = Debug;
		};
		05CC1E4222F0C82F008CCD98 /* Release */ = {
			isa = XCBuildConfiguration;
			baseConfigurationReference = BFF90DA1A9BEEEE47012B5C6 /* Pods-Cent.release.xcconfig */;
			buildSettings = {
				ASSETCATALOG_COMPILER_APPICON_NAME = AppIcon;
				CODE_SIGN_STYLE = Automatic;
				DEVELOPMENT_TEAM = M58P3AW9PQ;
				INFOPLIST_FILE = Cent/Info.plist;
				LD_RUNPATH_SEARCH_PATHS = (
					"$(inherited)",
					"@executable_path/Frameworks",
				);
				PRODUCT_BUNDLE_IDENTIFIER = com.eyupgoymen.Cent;
				PRODUCT_NAME = "$(TARGET_NAME)";
				SWIFT_VERSION = 5.0;
				TARGETED_DEVICE_FAMILY = "1,2";
			};
			name = Release;
		};
		05CC1E4422F0C82F008CCD98 /* Debug */ = {
			isa = XCBuildConfiguration;
			baseConfigurationReference = 88AA5B5AE497BA4AB40E63E6 /* Pods-CentTests.debug.xcconfig */;
			buildSettings = {
				ALWAYS_EMBED_SWIFT_STANDARD_LIBRARIES = YES;
				BUNDLE_LOADER = "$(TEST_HOST)";
				CODE_SIGN_STYLE = Automatic;
				DEVELOPMENT_TEAM = M58P3AW9PQ;
				INFOPLIST_FILE = CentTests/Info.plist;
				LD_RUNPATH_SEARCH_PATHS = (
					"$(inherited)",
					"@executable_path/Frameworks",
					"@loader_path/Frameworks",
				);
				PRODUCT_BUNDLE_IDENTIFIER = com.eyupgoymen.CentTests;
				PRODUCT_NAME = "$(TARGET_NAME)";
				SWIFT_VERSION = 5.0;
				TARGETED_DEVICE_FAMILY = "1,2";
				TEST_HOST = "$(BUILT_PRODUCTS_DIR)/Cent.app/Cent";
			};
			name = Debug;
		};
		05CC1E4522F0C82F008CCD98 /* Release */ = {
			isa = XCBuildConfiguration;
			baseConfigurationReference = 90C2C7558040376A9CFF4486 /* Pods-CentTests.release.xcconfig */;
			buildSettings = {
				ALWAYS_EMBED_SWIFT_STANDARD_LIBRARIES = YES;
				BUNDLE_LOADER = "$(TEST_HOST)";
				CODE_SIGN_STYLE = Automatic;
				DEVELOPMENT_TEAM = M58P3AW9PQ;
				INFOPLIST_FILE = CentTests/Info.plist;
				LD_RUNPATH_SEARCH_PATHS = (
					"$(inherited)",
					"@executable_path/Frameworks",
					"@loader_path/Frameworks",
				);
				PRODUCT_BUNDLE_IDENTIFIER = com.eyupgoymen.CentTests;
				PRODUCT_NAME = "$(TARGET_NAME)";
				SWIFT_VERSION = 5.0;
				TARGETED_DEVICE_FAMILY = "1,2";
				TEST_HOST = "$(BUILT_PRODUCTS_DIR)/Cent.app/Cent";
			};
			name = Release;
		};
/* End XCBuildConfiguration section */

/* Begin XCConfigurationList section */
		05CC1E1E22F0C82E008CCD98 /* Build configuration list for PBXProject "Cent" */ = {
			isa = XCConfigurationList;
			buildConfigurations = (
				05CC1E3E22F0C82F008CCD98 /* Debug */,
				05CC1E3F22F0C82F008CCD98 /* Release */,
			);
			defaultConfigurationIsVisible = 0;
			defaultConfigurationName = Release;
		};
		05CC1E4022F0C82F008CCD98 /* Build configuration list for PBXNativeTarget "Cent" */ = {
			isa = XCConfigurationList;
			buildConfigurations = (
				05CC1E4122F0C82F008CCD98 /* Debug */,
				05CC1E4222F0C82F008CCD98 /* Release */,
			);
			defaultConfigurationIsVisible = 0;
			defaultConfigurationName = Release;
		};
		05CC1E4322F0C82F008CCD98 /* Build configuration list for PBXNativeTarget "CentTests" */ = {
			isa = XCConfigurationList;
			buildConfigurations = (
				05CC1E4422F0C82F008CCD98 /* Debug */,
				05CC1E4522F0C82F008CCD98 /* Release */,
			);
			defaultConfigurationIsVisible = 0;
			defaultConfigurationName = Release;
		};
/* End XCConfigurationList section */
	};
	rootObject = 05CC1E1B22F0C82E008CCD98 /* Project object */;
}
